{
	"name": "totalproject",
	"version": "1.0.0",
	"lockfileVersion": 1,
	"requires": true,
	"dependencies": {
		"total4": {
			"version": "0.0.38",
			"resolved": "https://registry.npmjs.org/total4/-/total4-0.0.38.tgz",
			"integrity": "sha512-pME/naGyBSX9itwVxKhqqBgFO0b9345CSsh2wPCvsUJPYgzFLv0mes48HuQy/8v4nkOCgUdk7K5G0ETMFWbFCg=="
		}
	}
}
