{
  "name": "emptyproject",
  "version": "1.0.0",
  "lockfileVersion": 3,
  "requires": true,
  "packages": {
    "": {
      "name": "emptyproject",
      "version": "1.0.0",
      "license": "MIT",
      "dependencies": {
        "total4": "latest",
        "total5": "^0.0.1-49"
      }
    },
    "node_modules/total4": {
      "version": "0.0.95",
      "resolved": "https://registry.npmjs.org/total4/-/total4-0.0.95.tgz",
      "integrity": "sha512-nYO7UEp4dl3NJiYZUn9WyhPuHUIE482Ztg9tyWyAATF06C0HLp7lHY11Zp6aEOFqPhJZoNUwfKFGXAt/MUPUTA==",
      "bin": {
        "total4": "bin/total4"
      }
    },
    "node_modules/total5": {
      "version": "0.0.1-49",
      "resolved": "https://registry.npmjs.org/total5/-/total5-0.0.1-49.tgz",
      "integrity": "sha512-aoUr3AsG8TyMt2LzDmLWlf6Et7evafW6DqaG8fL0/pEWsNMau434CosuqYuD4xUhioBtWfSoEla48FrQmhPOdQ==",
      "bin": {
        "total5": "bin/total5"
      }
    }
  }
}
